// !$*UTF8*$!
{
	archiveVersion = 1;
	classes = {
	};
	objectVersion = 56;
	objects = {

/* Begin PBXBuildFile section */
		460C2EF629E87578006B30FC /* AppDelegate.swift in Sources */ = {isa = PBXBuildFile; fileRef = 460C2EF529E87578006B30FC /* AppDelegate.swift */; };
		460C2EFC29E87578006B30FC /* Intro.swift in Sources */ = {isa = PBXBuildFile; fileRef = 460C2EFB29E87578006B30FC /* Intro.swift */; };
		460C2EFE29E87578006B30FC /* GameViewController.swift in Sources */ = {isa = PBXBuildFile; fileRef = 460C2EFD29E87578006B30FC /* GameViewController.swift */; };
		460C2F0129E87578006B30FC /* Main.storyboard in Resources */ = {isa = PBXBuildFile; fileRef = 460C2EFF29E87578006B30FC /* Main.storyboard */; };
		460C2F0329E8757A006B30FC /* Assets.xcassets in Resources */ = {isa = PBXBuildFile; fileRef = 460C2F0229E8757A006B30FC /* Assets.xcassets */; };
		460C2F0629E8757A006B30FC /* LaunchScreen.storyboard in Resources */ = {isa = PBXBuildFile; fileRef = 460C2F0429E8757A006B30FC /* LaunchScreen.storyboard */; };
		460C2F0F29ED8C36006B30FC /* Intro.sks in Resources */ = {isa = PBXBuildFile; fileRef = 460C2F0E29ED8C36006B30FC /* Intro.sks */; };
		460C2F1129ED8CCF006B30FC /* Level.sks in Resources */ = {isa = PBXBuildFile; fileRef = 460C2F1029ED8CCF006B30FC /* Level.sks */; };
		460C2F1B29EEF53E006B30FC /* Level.swift in Sources */ = {isa = PBXBuildFile; fileRef = 460C2F1A29EEF53E006B30FC /* Level.swift */; };
		460C2F1D29EEF5EE006B30FC /* Scores.swift in Sources */ = {isa = PBXBuildFile; fileRef = 460C2F1C29EEF5EE006B30FC /* Scores.swift */; };
		460C2F1F29F81EB7006B30FC /* Move.swift in Sources */ = {isa = PBXBuildFile; fileRef = 460C2F1E29F81EB7006B30FC /* Move.swift */; };
/* End PBXBuildFile section */

/* Begin PBXFileReference section */
		460C2EF229E87578006B30FC /* Meteor Mash.app */ = {isa = PBXFileReference; explicitFileType = wrapper.application; includeInIndex = 0; path = "Meteor Mash.app"; sourceTree = BUILT_PRODUCTS_DIR; };
		460C2EF529E87578006B30FC /* AppDelegate.swift */ = {isa = PBXFileReference; lastKnownFileType = sourcecode.swift; path = AppDelegate.swift; sourceTree = "<group>"; };
		460C2EFB29E87578006B30FC /* Intro.swift */ = {isa = PBXFileReference; lastKnownFileType = sourcecode.swift; path = Intro.swift; sourceTree = "<group>"; };
		460C2EFD29E87578006B30FC /* GameViewController.swift */ = {isa = PBXFileReference; lastKnownFileType = sourcecode.swift; path = GameViewController.swift; sourceTree = "<group>"; };
		460C2F0029E87578006B30FC /* Base */ = {isa = PBXFileReference; lastKnownFileType = file.storyboard; name = Base; path = Base.lproj/Main.storyboard; sourceTree = "<group>"; };
		460C2F0229E8757A006B30FC /* Assets.xcassets */ = {isa = PBXFileReference; lastKnownFileType = folder.assetcatalog; path = Assets.xcassets; sourceTree = "<group>"; };
		460C2F0529E8757A006B30FC /* Base */ = {isa = PBXFileReference; lastKnownFileType = file.storyboard; name = Base; path = Base.lproj/LaunchScreen.storyboard; sourceTree = "<group>"; };
		460C2F0E29ED8C36006B30FC /* Intro.sks */ = {isa = PBXFileReference; lastKnownFileType = file.sks; path = Intro.sks; sourceTree = "<group>"; };
		460C2F1029ED8CCF006B30FC /* Level.sks */ = {isa = PBXFileReference; lastKnownFileType = file.sks; path = Level.sks; sourceTree = "<group>"; };
		460C2F1629ED98F5006B30FC /* Meteor-Mash-Info.plist */ = {isa = PBXFileReference; lastKnownFileType = text.plist; path = "Meteor-Mash-Info.plist"; sourceTree = SOURCE_ROOT; };
		460C2F1A29EEF53E006B30FC /* Level.swift */ = {isa = PBXFileReference; lastKnownFileType = sourcecode.swift; path = Level.swift; sourceTree = "<group>"; };
		460C2F1C29EEF5EE006B30FC /* Scores.swift */ = {isa = PBXFileReference; lastKnownFileType = sourcecode.swift; path = Scores.swift; sourceTree = "<group>"; };
		460C2F1E29F81EB7006B30FC /* Move.swift */ = {isa = PBXFileReference; lastKnownFileType = sourcecode.swift; path = Move.swift; sourceTree = "<group>"; };
/* End PBXFileReference section */

/* Begin PBXFrameworksBuildPhase section */
		460C2EEF29E87577006B30FC /* Frameworks */ = {
			isa = PBXFrameworksBuildPhase;
			buildActionMask = 2147483647;
			files = (
			);
			runOnlyForDeploymentPostprocessing = 0;
		};
/* End PBXFrameworksBuildPhase section */

/* Begin PBXGroup section */
		460C2EE929E87577006B30FC = {
			isa = PBXGroup;
			children = (
				460C2EF429E87578006B30FC /* Meteor Mash */,
				460C2EF329E87578006B30FC /* Products */,
			);
			sourceTree = "<group>";
		};
		460C2EF329E87578006B30FC /* Products */ = {
			isa = PBXGroup;
			children = (
				460C2EF229E87578006B30FC /* Meteor Mash.app */,
			);
			name = Products;
			sourceTree = "<group>";
		};
		460C2EF429E87578006B30FC /* Meteor Mash */ = {
			isa = PBXGroup;
			children = (
				460C2F1629ED98F5006B30FC /* Meteor-Mash-Info.plist */,
				460C2F1329ED8D04006B30FC /* Files */,
				460C2F1229ED8CE6006B30FC /* Scenes */,
				460C2EFF29E87578006B30FC /* Main.storyboard */,
				460C2F0229E8757A006B30FC /* Assets.xcassets */,
				460C2F0429E8757A006B30FC /* LaunchScreen.storyboard */,
				460C2F1729ED9CE6006B30FC /* Sounds */,
			);
			path = "Meteor Mash";
			sourceTree = "<group>";
		};
		460C2F1229ED8CE6006B30FC /* Scenes */ = {
			isa = PBXGroup;
			children = (
				460C2F1029ED8CCF006B30FC /* Level.sks */,
				460C2F0E29ED8C36006B30FC /* Intro.sks */,
			);
			path = Scenes;
			sourceTree = "<group>";
		};
		460C2F1329ED8D04006B30FC /* Files */ = {
			isa = PBXGroup;
			children = (
				460C2F1E29F81EB7006B30FC /* Move.swift */,
				460C2EFB29E87578006B30FC /* Intro.swift */,
				460C2F1C29EEF5EE006B30FC /* Scores.swift */,
				460C2F1A29EEF53E006B30FC /* Level.swift */,
				460C2EFD29E87578006B30FC /* GameViewController.swift */,
				460C2EF529E87578006B30FC /* AppDelegate.swift */,
			);
			path = Files;
			sourceTree = "<group>";
		};
		460C2F1729ED9CE6006B30FC /* Sounds */ = {
			isa = PBXGroup;
			children = (
			);
			path = Sounds;
			sourceTree = "<group>";
		};
/* End PBXGroup section */

/* Begin PBXNativeTarget section */
		460C2EF129E87577006B30FC /* Meteor Mash */ = {
			isa = PBXNativeTarget;
			buildConfigurationList = 460C2F0929E8757A006B30FC /* Build configuration list for PBXNativeTarget "Meteor Mash" */;
			buildPhases = (
				460C2EEE29E87577006B30FC /* Sources */,
				460C2EEF29E87577006B30FC /* Frameworks */,
				460C2EF029E87577006B30FC /* Resources */,
			);
			buildRules = (
			);
			dependencies = (
			);
			name = "Meteor Mash";
			productName = "Meteor Mash";
			productReference = 460C2EF229E87578006B30FC /* Meteor Mash.app */;
			productType = "com.apple.product-type.application";
		};
/* End PBXNativeTarget section */

/* Begin PBXProject section */
		460C2EEA29E87577006B30FC /* Project object */ = {
			isa = PBXProject;
			attributes = {
				BuildIndependentTargetsInParallel = 1;
				LastSwiftUpdateCheck = 1430;
				LastUpgradeCheck = 1430;
				TargetAttributes = {
					460C2EF129E87577006B30FC = {
						CreatedOnToolsVersion = 14.3;
					};
				};
			};
			buildConfigurationList = 460C2EED29E87577006B30FC /* Build configuration list for PBXProject "Meteor Mash" */;
			compatibilityVersion = "Xcode 14.0";
			developmentRegion = en;
			hasScannedForEncodings = 0;
			knownRegions = (
				en,
				Base,
			);
			mainGroup = 460C2EE929E87577006B30FC;
			productRefGroup = 460C2EF329E87578006B30FC /* Products */;
			projectDirPath = "";
			projectRoot = "";
			targets = (
				460C2EF129E87577006B30FC /* Meteor Mash */,
			);
		};
/* End PBXProject section */

/* Begin PBXResourcesBuildPhase section */
		460C2EF029E87577006B30FC /* Resources */ = {
			isa = PBXResourcesBuildPhase;
			buildActionMask = 2147483647;
			files = (
				460C2F0F29ED8C36006B30FC /* Intro.sks in Resources */,
				460C2F0129E87578006B30FC /* Main.storyboard in Resources */,
				460C2F1129ED8CCF006B30FC /* Level.sks in Resources */,
				460C2F0329E8757A006B30FC /* Assets.xcassets in Resources */,
				460C2F0629E8757A006B30FC /* LaunchScreen.storyboard in Resources */,
			);
			runOnlyForDeploymentPostprocessing = 0;
		};
/* End PBXResourcesBuildPhase section */

/* Begin PBXSourcesBuildPhase section */
		460C2EEE29E87577006B30FC /* Sources */ = {
			isa = PBXSourcesBuildPhase;
			buildActionMask = 2147483647;
			files = (
				460C2EFC29E87578006B30FC /* Intro.swift in Sources */,
				460C2EFE29E87578006B30FC /* GameViewController.swift in Sources */,
				460C2F1D29EEF5EE006B30FC /* Scores.swift in Sources */,
				460C2F1B29EEF53E006B30FC /* Level.swift in Sources */,
				460C2F1F29F81EB7006B30FC /* Move.swift in Sources */,
				460C2EF629E87578006B30FC /* AppDelegate.swift in Sources */,
			);
			runOnlyForDeploymentPostprocessing = 0;
		};
/* End PBXSourcesBuildPhase section */

/* Begin PBXVariantGroup section */
		460C2EFF29E87578006B30FC /* Main.storyboard */ = {
			isa = PBXVariantGroup;
			children = (
				460C2F0029E87578006B30FC /* Base */,
			);
			name = Main.storyboard;
			sourceTree = "<group>";
		};
		460C2F0429E8757A006B30FC /* LaunchScreen.storyboard */ = {
			isa = PBXVariantGroup;
			children = (
				460C2F0529E8757A006B30FC /* Base */,
			);
			name = LaunchScreen.storyboard;
			sourceTree = "<group>";
		};
/* End PBXVariantGroup section */

/* Begin XCBuildConfiguration section */
		460C2F0729E8757A006B30FC /* Debug */ = {
			isa = XCBuildConfiguration;
			buildSettings = {
				ALWAYS_SEARCH_USER_PATHS = NO;
				CLANG_ANALYZER_NONNULL = YES;
				CLANG_ANALYZER_NUMBER_OBJECT_CONVERSION = YES_AGGRESSIVE;
				CLANG_CXX_LANGUAGE_STANDARD = "gnu++20";
				CLANG_ENABLE_MODULES = YES;
				CLANG_ENABLE_OBJC_ARC = YES;
				CLANG_ENABLE_OBJC_WEAK = YES;
				CLANG_WARN_BLOCK_CAPTURE_AUTORELEASING = YES;
				CLANG_WARN_BOOL_CONVERSION = YES;
				CLANG_WARN_COMMA = YES;
				CLANG_WARN_CONSTANT_CONVERSION = YES;
				CLANG_WARN_DEPRECATED_OBJC_IMPLEMENTATIONS = YES;
				CLANG_WARN_DIRECT_OBJC_ISA_USAGE = YES_ERROR;
				CLANG_WARN_DOCUMENTATION_COMMENTS = YES;
				CLANG_WARN_EMPTY_BODY = YES;
				CLANG_WARN_ENUM_CONVERSION = YES;
				CLANG_WARN_INFINITE_RECURSION = YES;
				CLANG_WARN_INT_CONVERSION = YES;
				CLANG_WARN_NON_LITERAL_NULL_CONVERSION = YES;
				CLANG_WARN_OBJC_IMPLICIT_RETAIN_SELF = YES;
				CLANG_WARN_OBJC_LITERAL_CONVERSION = YES;
				CLANG_WARN_OBJC_ROOT_CLASS = YES_ERROR;
				CLANG_WARN_QUOTED_INCLUDE_IN_FRAMEWORK_HEADER = YES;
				CLANG_WARN_RANGE_LOOP_ANALYSIS = YES;
				CLANG_WARN_STRICT_PROTOTYPES = YES;
				CLANG_WARN_SUSPICIOUS_MOVE = YES;
				CLANG_WARN_UNGUARDED_AVAILABILITY = YES_AGGRESSIVE;
				CLANG_WARN_UNREACHABLE_CODE = YES;
				CLANG_WARN__DUPLICATE_METHOD_MATCH = YES;
				COPY_PHASE_STRIP = NO;
				DEBUG_INFORMATION_FORMAT = dwarf;
				ENABLE_STRICT_OBJC_MSGSEND = YES;
				ENABLE_TESTABILITY = YES;
				GCC_C_LANGUAGE_STANDARD = gnu11;
				GCC_DYNAMIC_NO_PIC = NO;
				GCC_NO_COMMON_BLOCKS = YES;
				GCC_OPTIMIZATION_LEVEL = 0;
				GCC_PREPROCESSOR_DEFINITIONS = (
					"DEBUG=1",
					"$(inherited)",
				);
				GCC_WARN_64_TO_32_BIT_CONVERSION = YES;
				GCC_WARN_ABOUT_RETURN_TYPE = YES_ERROR;
				GCC_WARN_UNDECLARED_SELECTOR = YES;
				GCC_WARN_UNINITIALIZED_AUTOS = YES_AGGRESSIVE;
				GCC_WARN_UNUSED_FUNCTION = YES;
				GCC_WARN_UNUSED_VARIABLE = YES;
				IPHONEOS_DEPLOYMENT_TARGET = 16.4;
				MTL_ENABLE_DEBUG_INFO = INCLUDE_SOURCE;
				MTL_FAST_MATH = YES;
				ONLY_ACTIVE_ARCH = YES;
				SDKROOT = iphoneos;
				SWIFT_ACTIVE_COMPILATION_CONDITIONS = DEBUG;
				SWIFT_OPTIMIZATION_LEVEL = "-Onone";
			};
			name = Debug;
		};
		460C2F0829E8757A006B30FC /* Release */ = {
			isa = XCBuildConfiguration;
			buildSettings = {
				ALWAYS_SEARCH_USER_PATHS = NO;
				CLANG_ANALYZER_NONNULL = YES;
				CLANG_ANALYZER_NUMBER_OBJECT_CONVERSION = YES_AGGRESSIVE;
				CLANG_CXX_LANGUAGE_STANDARD = "gnu++20";
				CLANG_ENABLE_MODULES = YES;
				CLANG_ENABLE_OBJC_ARC = YES;
				CLANG_ENABLE_OBJC_WEAK = YES;
				CLANG_WARN_BLOCK_CAPTURE_AUTORELEASING = YES;
				CLANG_WARN_BOOL_CONVERSION = YES;
				CLANG_WARN_COMMA = YES;
				CLANG_WARN_CONSTANT_CONVERSION = YES;
				CLANG_WARN_DEPRECATED_OBJC_IMPLEMENTATIONS = YES;
				CLANG_WARN_DIRECT_OBJC_ISA_USAGE = YES_ERROR;
				CLANG_WARN_DOCUMENTATION_COMMENTS = YES;
				CLANG_WARN_EMPTY_BODY = YES;
				CLANG_WARN_ENUM_CONVERSION = YES;
				CLANG_WARN_INFINITE_RECURSION = YES;
				CLANG_WARN_INT_CONVERSION = YES;
				CLANG_WARN_NON_LITERAL_NULL_CONVERSION = YES;
				CLANG_WARN_OBJC_IMPLICIT_RETAIN_SELF = YES;
				CLANG_WARN_OBJC_LITERAL_CONVERSION = YES;
				CLANG_WARN_OBJC_ROOT_CLASS = YES_ERROR;
				CLANG_WARN_QUOTED_INCLUDE_IN_FRAMEWORK_HEADER = YES;
				CLANG_WARN_RANGE_LOOP_ANALYSIS = YES;
				CLANG_WARN_STRICT_PROTOTYPES = YES;
				CLANG_WARN_SUSPICIOUS_MOVE = YES;
				CLANG_WARN_UNGUARDED_AVAILABILITY = YES_AGGRESSIVE;
				CLANG_WARN_UNREACHABLE_CODE = YES;
				CLANG_WARN__DUPLICATE_METHOD_MATCH = YES;
				COPY_PHASE_STRIP = NO;
				DEBUG_INFORMATION_FORMAT = "dwarf-with-dsym";
				ENABLE_NS_ASSERTIONS = NO;
				ENABLE_STRICT_OBJC_MSGSEND = YES;
				GCC_C_LANGUAGE_STANDARD = gnu11;
				GCC_NO_COMMON_BLOCKS = YES;
				GCC_WARN_64_TO_32_BIT_CONVERSION = YES;
				GCC_WARN_ABOUT_RETURN_TYPE = YES_ERROR;
				GCC_WARN_UNDECLARED_SELECTOR = YES;
				GCC_WARN_UNINITIALIZED_AUTOS = YES_AGGRESSIVE;
				GCC_WARN_UNUSED_FUNCTION = YES;
				GCC_WARN_UNUSED_VARIABLE = YES;
				IPHONEOS_DEPLOYMENT_TARGET = 16.4;
				MTL_ENABLE_DEBUG_INFO = NO;
				MTL_FAST_MATH = YES;
				SDKROOT = iphoneos;
				SWIFT_COMPILATION_MODE = wholemodule;
				SWIFT_OPTIMIZATION_LEVEL = "-O";
				VALIDATE_PRODUCT = YES;
			};
			name = Release;
		};
		460C2F0A29E8757A006B30FC /* Debug */ = {
			isa = XCBuildConfiguration;
			buildSettings = {
				ASSETCATALOG_COMPILER_APPICON_NAME = AppIcon;
				ASSETCATALOG_COMPILER_GLOBAL_ACCENT_COLOR_NAME = AccentColor;
				CODE_SIGN_STYLE = Automatic;
				CURRENT_PROJECT_VERSION = 1;
				DEVELOPMENT_TEAM = ZPKYRL32K8;
				GENERATE_INFOPLIST_FILE = YES;
				INFOPLIST_FILE = "Meteor-Mash-Info.plist";
				INFOPLIST_KEY_UIApplicationSupportsIndirectInputEvents = YES;
				INFOPLIST_KEY_UILaunchStoryboardName = LaunchScreen.storyboard;
				INFOPLIST_KEY_UIMainStoryboardFile = Main;
				INFOPLIST_KEY_UIStatusBarHidden = YES;
				INFOPLIST_KEY_UISupportedInterfaceOrientations_iPad = "UIInterfaceOrientationLandscapeLeft UIInterfaceOrientationLandscapeRight";
				INFOPLIST_KEY_UISupportedInterfaceOrientations_iPhone = "UIInterfaceOrientationLandscapeLeft UIInterfaceOrientationLandscapeRight";
				LD_RUNPATH_SEARCH_PATHS = (
					"$(inherited)",
					"@executable_path/Frameworks",
				);
				MARKETING_VERSION = 1.0;
				PRODUCT_BUNDLE_IDENTIFIER = "jmadison.Meteor-Mash";
				PRODUCT_NAME = "$(TARGET_NAME)";
				SWIFT_EMIT_LOC_STRINGS = YES;
				SWIFT_VERSION = 5.0;
				TARGETED_DEVICE_FAMILY = "1,2";
			};
			name = Debug;
		};
		460C2F0B29E8757A006B30FC /* Release */ = {
			isa = XCBuildConfiguration;
			buildSettings = {
				ASSETCATALOG_COMPILER_APPICON_NAME = AppIcon;
				ASSETCATALOG_COMPILER_GLOBAL_ACCENT_COLOR_NAME = AccentColor;
				CODE_SIGN_STYLE = Automatic;
				CURRENT_PROJECT_VERSION = 1;
				DEVELOPMENT_TEAM = ZPKYRL32K8;
				GENERATE_INFOPLIST_FILE = YES;
				INFOPLIST_FILE = "Meteor-Mash-Info.plist";
				INFOPLIST_KEY_UIApplicationSupportsIndirectInputEvents = YES;
				INFOPLIST_KEY_UILaunchStoryboardName = LaunchScreen.storyboard;
				INFOPLIST_KEY_UIMainStoryboardFile = Main;
				INFOPLIST_KEY_UIStatusBarHidden = YES;
				INFOPLIST_KEY_UISupportedInterfaceOrientations_iPad = "UIInterfaceOrientationLandscapeLeft UIInterfaceOrientationLandscapeRight";
				INFOPLIST_KEY_UISupportedInterfaceOrientations_iPhone = "UIInterfaceOrientationLandscapeLeft UIInterfaceOrientationLandscapeRight";
				LD_RUNPATH_SEARCH_PATHS = (
					"$(inherited)",
					"@executable_path/Frameworks",
				);
				MARKETING_VERSION = 1.0;
				PRODUCT_BUNDLE_IDENTIFIER = "jmadison.Meteor-Mash";
				PRODUCT_NAME = "$(TARGET_NAME)";
				SWIFT_EMIT_LOC_STRINGS = YES;
				SWIFT_VERSION = 5.0;
				TARGETED_DEVICE_FAMILY = "1,2";
			};
			name = Release;
		};
/* End XCBuildConfiguration section */

/* Begin XCConfigurationList section */
		460C2EED29E87577006B30FC /* Build configuration list for PBXProject "Meteor Mash" */ = {
			isa = XCConfigurationList;
			buildConfigurations = (
				460C2F0729E8757A006B30FC /* Debug */,
				460C2F0829E8757A006B30FC /* Release */,
			);
			defaultConfigurationIsVisible = 0;
			defaultConfigurationName = Release;
		};
		460C2F0929E8757A006B30FC /* Build configuration list for PBXNativeTarget "Meteor Mash" */ = {
			isa = XCConfigurationList;
			buildConfigurations = (
				460C2F0A29E8757A006B30FC /* Debug */,
				460C2F0B29E8757A006B30FC /* Release */,
			);
			defaultConfigurationIsVisible = 0;
			defaultConfigurationName = Release;
		};
/* End XCConfigurationList section */
	};
	rootObject = 460C2EEA29E87577006B30FC /* Project object */;
}
